
Microsoft Visual Studio Solution File, Format Version 12.00
Project("{FAE04EC0-301F-11D3-BF4B-00C04F79EFBC}") = "FooBarQixFactory", "FooBarQixFactory\FooBarQixFactory.csproj", "{C7D69B7D-F22B-4DD7-B440-DA0B33BA5F4E}"
EndProject
Global
	GlobalSection(SolutionConfigurationPlatforms) = preSolution
		Debug|Any CPU = Debug|Any CPU
		Release|Any CPU = Release|Any CPU
	EndGlobalSection
	GlobalSection(ProjectConfigurationPlatforms) = postSolution
		{C7D69B7D-F22B-4DD7-B440-DA0B33BA5F4E}.Debug|Any CPU.ActiveCfg = Debug|Any CPU
		{C7D69B7D-F22B-4DD7-B440-DA0B33BA5F4E}.Debug|Any CPU.Build.0 = Debug|Any CPU
		{C7D69B7D-F22B-4DD7-B440-DA0B33BA5F4E}.Release|Any CPU.ActiveCfg = Release|Any CPU
		{C7D69B7D-F22B-4DD7-B440-DA0B33BA5F4E}.Release|Any CPU.Build.0 = Release|Any CPU
	EndGlobalSection
EndGlobal
